
Microsoft Visual Studio Solution File, Format Version 12.00
# Visual Studio Version 16
VisualStudioVersion = 16.0.30517.126
MinimumVisualStudioVersion = 10.0.40219.1
Project("{FAE04EC0-301F-11D3-BF4B-00C04F79EFBC}") = "CotacaoDolarHG", "CotacaoDolarHG\CotacaoDolarHG.csproj", "{BE0B8E53-D949-4CAB-8514-6DBE9648929D}"
EndProject
Global
	GlobalSection(SolutionConfigurationPlatforms) = preSolution
		Debug|Any CPU = Debug|Any CPU
		Release|Any CPU = Release|Any CPU
	EndGlobalSection
	GlobalSection(ProjectConfigurationPlatforms) = postSolution
		{BE0B8E53-D949-4CAB-8514-6DBE9648929D}.Debug|Any CPU.ActiveCfg = Debug|Any CPU
		{BE0B8E53-D949-4CAB-8514-6DBE9648929D}.Debug|Any CPU.Build.0 = Debug|Any CPU
		{BE0B8E53-D949-4CAB-8514-6DBE9648929D}.Release|Any CPU.ActiveCfg = Release|Any CPU
		{BE0B8E53-D949-4CAB-8514-6DBE9648929D}.Release|Any CPU.Build.0 = Release|Any CPU
	EndGlobalSection
	GlobalSection(SolutionProperties) = preSolution
		HideSolutionNode = FALSE
	EndGlobalSection
	GlobalSection(ExtensibilityGlobals) = postSolution
		SolutionGuid = {7F50C43A-14DE-40E9-9E0D-8B36F529BC1A}
	EndGlobalSection
EndGlobal
